
Microsoft Visual Studio Solution File, Format Version 12.00
# Visual Studio 15
VisualStudioVersion = 15.0.28307.438
MinimumVisualStudioVersion = 10.0.40219.1
Project("{8BC9CEB8-8B4A-11D0-8D11-00A0C91BC942}") = "전치행렬", "전치행렬\전치행렬.vcxproj", "{322D37C1-D0D8-48F6-9749-A4E0962CF732}"
EndProject
Global
	GlobalSection(SolutionConfigurationPlatforms) = preSolution
		Debug|x64 = Debug|x64
		Debug|x86 = Debug|x86
		Release|x64 = Release|x64
		Release|x86 = Release|x86
	EndGlobalSection
	GlobalSection(ProjectConfigurationPlatforms) = postSolution
		{322D37C1-D0D8-48F6-9749-A4E0962CF732}.Debug|x64.ActiveCfg = Debug|x64
		{322D37C1-D0D8-48F6-9749-A4E0962CF732}.Debug|x64.Build.0 = Debug|x64
		{322D37C1-D0D8-48F6-9749-A4E0962CF732}.Debug|x86.ActiveCfg = Debug|Win32
		{322D37C1-D0D8-48F6-9749-A4E0962CF732}.Debug|x86.Build.0 = Debug|Win32
		{322D37C1-D0D8-48F6-9749-A4E0962CF732}.Release|x64.ActiveCfg = Release|x64
		{322D37C1-D0D8-48F6-9749-A4E0962CF732}.Release|x64.Build.0 = Release|x64
		{322D37C1-D0D8-48F6-9749-A4E0962CF732}.Release|x86.ActiveCfg = Release|Win32
		{322D37C1-D0D8-48F6-9749-A4E0962CF732}.Release|x86.Build.0 = Release|Win32
	EndGlobalSection
	GlobalSection(SolutionProperties) = preSolution
		HideSolutionNode = FALSE
	EndGlobalSection
	GlobalSection(ExtensibilityGlobals) = postSolution
		SolutionGuid = {B1FC83E3-CFFC-453C-A703-9F105AD975FB}
	EndGlobalSection
EndGlobal
