
Microsoft Visual Studio Solution File, Format Version 12.00
# Visual Studio 15
VisualStudioVersion = 15.0.28307.1585
MinimumVisualStudioVersion = 10.0.40219.1
Project("{8BC9CEB8-8B4A-11D0-8D11-00A0C91BC942}") = "RotateExam", "RotateExam\RotateExam.vcxproj", "{73FDA48F-D8A5-4FD8-BD42-E012142FA95C}"
EndProject
Global
	GlobalSection(SolutionConfigurationPlatforms) = preSolution
		Debug|x64 = Debug|x64
		Debug|x86 = Debug|x86
		Release|x64 = Release|x64
		Release|x86 = Release|x86
	EndGlobalSection
	GlobalSection(ProjectConfigurationPlatforms) = postSolution
		{73FDA48F-D8A5-4FD8-BD42-E012142FA95C}.Debug|x64.ActiveCfg = Debug|x64
		{73FDA48F-D8A5-4FD8-BD42-E012142FA95C}.Debug|x64.Build.0 = Debug|x64
		{73FDA48F-D8A5-4FD8-BD42-E012142FA95C}.Debug|x86.ActiveCfg = Debug|Win32
		{73FDA48F-D8A5-4FD8-BD42-E012142FA95C}.Debug|x86.Build.0 = Debug|Win32
		{73FDA48F-D8A5-4FD8-BD42-E012142FA95C}.Release|x64.ActiveCfg = Release|x64
		{73FDA48F-D8A5-4FD8-BD42-E012142FA95C}.Release|x64.Build.0 = Release|x64
		{73FDA48F-D8A5-4FD8-BD42-E012142FA95C}.Release|x86.ActiveCfg = Release|Win32
		{73FDA48F-D8A5-4FD8-BD42-E012142FA95C}.Release|x86.Build.0 = Release|Win32
	EndGlobalSection
	GlobalSection(SolutionProperties) = preSolution
		HideSolutionNode = FALSE
	EndGlobalSection
	GlobalSection(ExtensibilityGlobals) = postSolution
		SolutionGuid = {7AF50329-170F-4C7F-B05D-9E3D3795CE82}
	EndGlobalSection
EndGlobal
