
Microsoft Visual Studio Solution File, Format Version 12.00
# Visual Studio 15
VisualStudioVersion = 15.0.28307.438
MinimumVisualStudioVersion = 10.0.40219.1
Project("{8BC9CEB8-8B4A-11D0-8D11-00A0C91BC942}") = "PersonEx0401", "PersonEx0401\PersonEx0401.vcxproj", "{95928B63-F33C-42C9-A360-9AE313236C13}"
EndProject
Project("{8BC9CEB8-8B4A-11D0-8D11-00A0C91BC942}") = "PointerEx0415", "PointerEx0415\PointerEx0415.vcxproj", "{A6C59955-74BC-4989-A74A-E3D35D6CA16C}"
EndProject
Project("{8BC9CEB8-8B4A-11D0-8D11-00A0C91BC942}") = "NewExam0415", "newexam0415\newexam0415.vcxproj", "{F35D1221-09AC-4D1F-970D-228582F4D4AE}"
EndProject
Project("{8BC9CEB8-8B4A-11D0-8D11-00A0C91BC942}") = "PersonExNew0429", "PersonExNew0429\PersonExNew0429.vcxproj", "{0D6A7616-F5D7-407D-A3AB-155D4FFDF8DA}"
EndProject
Project("{8BC9CEB8-8B4A-11D0-8D11-00A0C91BC942}") = "ReferEx0429", "ReferEx0429\ReferEx0429.vcxproj", "{99C44C84-59CC-41D6-ACD9-C51C429DA92D}"
EndProject
Project("{8BC9CEB8-8B4A-11D0-8D11-00A0C91BC942}") = "ReferFunc0513", "ReferFunc0513\ReferFunc0513.vcxproj", "{EDFDAB0C-26F8-44CA-A1D9-7952117A72CC}"
EndProject
Project("{8BC9CEB8-8B4A-11D0-8D11-00A0C91BC942}") = "PersonInline0513", "PersonInline0513\PersonInline0513.vcxproj", "{3743370C-47C7-4BD5-809F-B951E9353179}"
EndProject
Project("{8BC9CEB8-8B4A-11D0-8D11-00A0C91BC942}") = "InheriEx0513", "InheriEx0513\InheriEx0513.vcxproj", "{D136822F-29E9-413C-A1EE-41694C0274A1}"
EndProject
Project("{8BC9CEB8-8B4A-11D0-8D11-00A0C91BC942}") = "MultiInheri0520", "MultiInheri0520\MultiInheri0520.vcxproj", "{8A3EE1CF-F849-4B82-827C-21EAF5FF90A1}"
EndProject
Project("{8BC9CEB8-8B4A-11D0-8D11-00A0C91BC942}") = "VirtualInheriEx0527", "VirtualInheriEx0527\VirtualInheriEx0527.vcxproj", "{9394DF9A-A930-44EB-BA0B-AB780A0A23CF}"
EndProject
Project("{8BC9CEB8-8B4A-11D0-8D11-00A0C91BC942}") = "PureVirtualEx0603", "PureVirtualEx0603\PureVirtualEx0603.vcxproj", "{9AA3F5B5-AB69-44D9-A73F-5A4FF88845B6}"
EndProject
Project("{8BC9CEB8-8B4A-11D0-8D11-00A0C91BC942}") = "PolyAdve", "PolyAdve\PolyAdve.vcxproj", "{FB31655F-3BCB-4F36-BB4F-CB96896F1AF7}"
EndProject
Project("{8BC9CEB8-8B4A-11D0-8D11-00A0C91BC942}") = "ThisEx0610", "ThisEx0610\ThisEx0610.vcxproj", "{5A47F821-15C6-4309-9DEE-F8EF229319DA}"
EndProject
Project("{8BC9CEB8-8B4A-11D0-8D11-00A0C91BC942}") = "PartitionCompile0610", "PartitionCompile0610\PartitionCompile0610.vcxproj", "{A08BFC6A-654B-463A-880D-A7936C720E54}"
EndProject
Global
	GlobalSection(SolutionConfigurationPlatforms) = preSolution
		Debug|x64 = Debug|x64
		Debug|x86 = Debug|x86
		Release|x64 = Release|x64
		Release|x86 = Release|x86
	EndGlobalSection
	GlobalSection(ProjectConfigurationPlatforms) = postSolution
		{95928B63-F33C-42C9-A360-9AE313236C13}.Debug|x64.ActiveCfg = Debug|x64
		{95928B63-F33C-42C9-A360-9AE313236C13}.Debug|x64.Build.0 = Debug|x64
		{95928B63-F33C-42C9-A360-9AE313236C13}.Debug|x86.ActiveCfg = Debug|Win32
		{95928B63-F33C-42C9-A360-9AE313236C13}.Debug|x86.Build.0 = Debug|Win32
		{95928B63-F33C-42C9-A360-9AE313236C13}.Release|x64.ActiveCfg = Release|x64
		{95928B63-F33C-42C9-A360-9AE313236C13}.Release|x64.Build.0 = Release|x64
		{95928B63-F33C-42C9-A360-9AE313236C13}.Release|x86.ActiveCfg = Release|Win32
		{95928B63-F33C-42C9-A360-9AE313236C13}.Release|x86.Build.0 = Release|Win32
		{A6C59955-74BC-4989-A74A-E3D35D6CA16C}.Debug|x64.ActiveCfg = Debug|x64
		{A6C59955-74BC-4989-A74A-E3D35D6CA16C}.Debug|x64.Build.0 = Debug|x64
		{A6C59955-74BC-4989-A74A-E3D35D6CA16C}.Debug|x86.ActiveCfg = Debug|Win32
		{A6C59955-74BC-4989-A74A-E3D35D6CA16C}.Debug|x86.Build.0 = Debug|Win32
		{A6C59955-74BC-4989-A74A-E3D35D6CA16C}.Release|x64.ActiveCfg = Release|x64
		{A6C59955-74BC-4989-A74A-E3D35D6CA16C}.Release|x64.Build.0 = Release|x64
		{A6C59955-74BC-4989-A74A-E3D35D6CA16C}.Release|x86.ActiveCfg = Release|Win32
		{A6C59955-74BC-4989-A74A-E3D35D6CA16C}.Release|x86.Build.0 = Release|Win32
		{F35D1221-09AC-4D1F-970D-228582F4D4AE}.Debug|x64.ActiveCfg = Debug|x64
		{F35D1221-09AC-4D1F-970D-228582F4D4AE}.Debug|x64.Build.0 = Debug|x64
		{F35D1221-09AC-4D1F-970D-228582F4D4AE}.Debug|x86.ActiveCfg = Debug|Win32
		{F35D1221-09AC-4D1F-970D-228582F4D4AE}.Debug|x86.Build.0 = Debug|Win32
		{F35D1221-09AC-4D1F-970D-228582F4D4AE}.Release|x64.ActiveCfg = Release|x64
		{F35D1221-09AC-4D1F-970D-228582F4D4AE}.Release|x64.Build.0 = Release|x64
		{F35D1221-09AC-4D1F-970D-228582F4D4AE}.Release|x86.ActiveCfg = Release|Win32
		{F35D1221-09AC-4D1F-970D-228582F4D4AE}.Release|x86.Build.0 = Release|Win32
		{0D6A7616-F5D7-407D-A3AB-155D4FFDF8DA}.Debug|x64.ActiveCfg = Debug|x64
		{0D6A7616-F5D7-407D-A3AB-155D4FFDF8DA}.Debug|x64.Build.0 = Debug|x64
		{0D6A7616-F5D7-407D-A3AB-155D4FFDF8DA}.Debug|x86.ActiveCfg = Debug|Win32
		{0D6A7616-F5D7-407D-A3AB-155D4FFDF8DA}.Debug|x86.Build.0 = Debug|Win32
		{0D6A7616-F5D7-407D-A3AB-155D4FFDF8DA}.Release|x64.ActiveCfg = Release|x64
		{0D6A7616-F5D7-407D-A3AB-155D4FFDF8DA}.Release|x64.Build.0 = Release|x64
		{0D6A7616-F5D7-407D-A3AB-155D4FFDF8DA}.Release|x86.ActiveCfg = Release|Win32
		{0D6A7616-F5D7-407D-A3AB-155D4FFDF8DA}.Release|x86.Build.0 = Release|Win32
		{99C44C84-59CC-41D6-ACD9-C51C429DA92D}.Debug|x64.ActiveCfg = Debug|x64
		{99C44C84-59CC-41D6-ACD9-C51C429DA92D}.Debug|x64.Build.0 = Debug|x64
		{99C44C84-59CC-41D6-ACD9-C51C429DA92D}.Debug|x86.ActiveCfg = Debug|Win32
		{99C44C84-59CC-41D6-ACD9-C51C429DA92D}.Debug|x86.Build.0 = Debug|Win32
		{99C44C84-59CC-41D6-ACD9-C51C429DA92D}.Release|x64.ActiveCfg = Release|x64
		{99C44C84-59CC-41D6-ACD9-C51C429DA92D}.Release|x64.Build.0 = Release|x64
		{99C44C84-59CC-41D6-ACD9-C51C429DA92D}.Release|x86.ActiveCfg = Release|Win32
		{99C44C84-59CC-41D6-ACD9-C51C429DA92D}.Release|x86.Build.0 = Release|Win32
		{EDFDAB0C-26F8-44CA-A1D9-7952117A72CC}.Debug|x64.ActiveCfg = Debug|x64
		{EDFDAB0C-26F8-44CA-A1D9-7952117A72CC}.Debug|x64.Build.0 = Debug|x64
		{EDFDAB0C-26F8-44CA-A1D9-7952117A72CC}.Debug|x86.ActiveCfg = Debug|Win32
		{EDFDAB0C-26F8-44CA-A1D9-7952117A72CC}.Debug|x86.Build.0 = Debug|Win32
		{EDFDAB0C-26F8-44CA-A1D9-7952117A72CC}.Release|x64.ActiveCfg = Release|x64
		{EDFDAB0C-26F8-44CA-A1D9-7952117A72CC}.Release|x64.Build.0 = Release|x64
		{EDFDAB0C-26F8-44CA-A1D9-7952117A72CC}.Release|x86.ActiveCfg = Release|Win32
		{EDFDAB0C-26F8-44CA-A1D9-7952117A72CC}.Release|x86.Build.0 = Release|Win32
		{3743370C-47C7-4BD5-809F-B951E9353179}.Debug|x64.ActiveCfg = Debug|x64
		{3743370C-47C7-4BD5-809F-B951E9353179}.Debug|x64.Build.0 = Debug|x64
		{3743370C-47C7-4BD5-809F-B951E9353179}.Debug|x86.ActiveCfg = Debug|Win32
		{3743370C-47C7-4BD5-809F-B951E9353179}.Debug|x86.Build.0 = Debug|Win32
		{3743370C-47C7-4BD5-809F-B951E9353179}.Release|x64.ActiveCfg = Release|x64
		{3743370C-47C7-4BD5-809F-B951E9353179}.Release|x64.Build.0 = Release|x64
		{3743370C-47C7-4BD5-809F-B951E9353179}.Release|x86.ActiveCfg = Release|Win32
		{3743370C-47C7-4BD5-809F-B951E9353179}.Release|x86.Build.0 = Release|Win32
		{D136822F-29E9-413C-A1EE-41694C0274A1}.Debug|x64.ActiveCfg = Debug|x64
		{D136822F-29E9-413C-A1EE-41694C0274A1}.Debug|x64.Build.0 = Debug|x64
		{D136822F-29E9-413C-A1EE-41694C0274A1}.Debug|x86.ActiveCfg = Debug|Win32
		{D136822F-29E9-413C-A1EE-41694C0274A1}.Debug|x86.Build.0 = Debug|Win32
		{D136822F-29E9-413C-A1EE-41694C0274A1}.Release|x64.ActiveCfg = Release|x64
		{D136822F-29E9-413C-A1EE-41694C0274A1}.Release|x64.Build.0 = Release|x64
		{D136822F-29E9-413C-A1EE-41694C0274A1}.Release|x86.ActiveCfg = Release|Win32
		{D136822F-29E9-413C-A1EE-41694C0274A1}.Release|x86.Build.0 = Release|Win32
		{8A3EE1CF-F849-4B82-827C-21EAF5FF90A1}.Debug|x64.ActiveCfg = Debug|x64
		{8A3EE1CF-F849-4B82-827C-21EAF5FF90A1}.Debug|x64.Build.0 = Debug|x64
		{8A3EE1CF-F849-4B82-827C-21EAF5FF90A1}.Debug|x86.ActiveCfg = Debug|Win32
		{8A3EE1CF-F849-4B82-827C-21EAF5FF90A1}.Debug|x86.Build.0 = Debug|Win32
		{8A3EE1CF-F849-4B82-827C-21EAF5FF90A1}.Release|x64.ActiveCfg = Release|x64
		{8A3EE1CF-F849-4B82-827C-21EAF5FF90A1}.Release|x64.Build.0 = Release|x64
		{8A3EE1CF-F849-4B82-827C-21EAF5FF90A1}.Release|x86.ActiveCfg = Release|Win32
		{8A3EE1CF-F849-4B82-827C-21EAF5FF90A1}.Release|x86.Build.0 = Release|Win32
		{9394DF9A-A930-44EB-BA0B-AB780A0A23CF}.Debug|x64.ActiveCfg = Debug|x64
		{9394DF9A-A930-44EB-BA0B-AB780A0A23CF}.Debug|x64.Build.0 = Debug|x64
		{9394DF9A-A930-44EB-BA0B-AB780A0A23CF}.Debug|x86.ActiveCfg = Debug|Win32
		{9394DF9A-A930-44EB-BA0B-AB780A0A23CF}.Debug|x86.Build.0 = Debug|Win32
		{9394DF9A-A930-44EB-BA0B-AB780A0A23CF}.Release|x64.ActiveCfg = Release|x64
		{9394DF9A-A930-44EB-BA0B-AB780A0A23CF}.Release|x64.Build.0 = Release|x64
		{9394DF9A-A930-44EB-BA0B-AB780A0A23CF}.Release|x86.ActiveCfg = Release|Win32
		{9394DF9A-A930-44EB-BA0B-AB780A0A23CF}.Release|x86.Build.0 = Release|Win32
		{9AA3F5B5-AB69-44D9-A73F-5A4FF88845B6}.Debug|x64.ActiveCfg = Debug|x64
		{9AA3F5B5-AB69-44D9-A73F-5A4FF88845B6}.Debug|x64.Build.0 = Debug|x64
		{9AA3F5B5-AB69-44D9-A73F-5A4FF88845B6}.Debug|x86.ActiveCfg = Debug|Win32
		{9AA3F5B5-AB69-44D9-A73F-5A4FF88845B6}.Debug|x86.Build.0 = Debug|Win32
		{9AA3F5B5-AB69-44D9-A73F-5A4FF88845B6}.Release|x64.ActiveCfg = Release|x64
		{9AA3F5B5-AB69-44D9-A73F-5A4FF88845B6}.Release|x64.Build.0 = Release|x64
		{9AA3F5B5-AB69-44D9-A73F-5A4FF88845B6}.Release|x86.ActiveCfg = Release|Win32
		{9AA3F5B5-AB69-44D9-A73F-5A4FF88845B6}.Release|x86.Build.0 = Release|Win32
		{FB31655F-3BCB-4F36-BB4F-CB96896F1AF7}.Debug|x64.ActiveCfg = Debug|x64
		{FB31655F-3BCB-4F36-BB4F-CB96896F1AF7}.Debug|x64.Build.0 = Debug|x64
		{FB31655F-3BCB-4F36-BB4F-CB96896F1AF7}.Debug|x86.ActiveCfg = Debug|Win32
		{FB31655F-3BCB-4F36-BB4F-CB96896F1AF7}.Debug|x86.Build.0 = Debug|Win32
		{FB31655F-3BCB-4F36-BB4F-CB96896F1AF7}.Release|x64.ActiveCfg = Release|x64
		{FB31655F-3BCB-4F36-BB4F-CB96896F1AF7}.Release|x64.Build.0 = Release|x64
		{FB31655F-3BCB-4F36-BB4F-CB96896F1AF7}.Release|x86.ActiveCfg = Release|Win32
		{FB31655F-3BCB-4F36-BB4F-CB96896F1AF7}.Release|x86.Build.0 = Release|Win32
		{5A47F821-15C6-4309-9DEE-F8EF229319DA}.Debug|x64.ActiveCfg = Debug|x64
		{5A47F821-15C6-4309-9DEE-F8EF229319DA}.Debug|x64.Build.0 = Debug|x64
		{5A47F821-15C6-4309-9DEE-F8EF229319DA}.Debug|x86.ActiveCfg = Debug|Win32
		{5A47F821-15C6-4309-9DEE-F8EF229319DA}.Debug|x86.Build.0 = Debug|Win32
		{5A47F821-15C6-4309-9DEE-F8EF229319DA}.Release|x64.ActiveCfg = Release|x64
		{5A47F821-15C6-4309-9DEE-F8EF229319DA}.Release|x64.Build.0 = Release|x64
		{5A47F821-15C6-4309-9DEE-F8EF229319DA}.Release|x86.ActiveCfg = Release|Win32
		{5A47F821-15C6-4309-9DEE-F8EF229319DA}.Release|x86.Build.0 = Release|Win32
		{A08BFC6A-654B-463A-880D-A7936C720E54}.Debug|x64.ActiveCfg = Debug|x64
		{A08BFC6A-654B-463A-880D-A7936C720E54}.Debug|x64.Build.0 = Debug|x64
		{A08BFC6A-654B-463A-880D-A7936C720E54}.Debug|x86.ActiveCfg = Debug|Win32
		{A08BFC6A-654B-463A-880D-A7936C720E54}.Debug|x86.Build.0 = Debug|Win32
		{A08BFC6A-654B-463A-880D-A7936C720E54}.Release|x64.ActiveCfg = Release|x64
		{A08BFC6A-654B-463A-880D-A7936C720E54}.Release|x64.Build.0 = Release|x64
		{A08BFC6A-654B-463A-880D-A7936C720E54}.Release|x86.ActiveCfg = Release|Win32
		{A08BFC6A-654B-463A-880D-A7936C720E54}.Release|x86.Build.0 = Release|Win32
	EndGlobalSection
	GlobalSection(SolutionProperties) = preSolution
		HideSolutionNode = FALSE
	EndGlobalSection
	GlobalSection(ExtensibilityGlobals) = postSolution
		SolutionGuid = {CD049EDD-6F86-497D-BF02-0A67793573D4}
	EndGlobalSection
EndGlobal
